// !$*UTF8*$!
{
	archiveVersion = 1;
	classes = {
	};
	objectVersion = 48;
	objects = {

/* Begin PBXBuildFile section */
		0C0FB9B52284D6F500B3CF30 /* GradientView.swift in Sources */ = {isa = PBXBuildFile; fileRef = 0C0FB9B42284D6F500B3CF30 /* GradientView.swift */; };
		0C0FB9BA2285F4C700B3CF30 /* NavigationHelper.swift in Sources */ = {isa = PBXBuildFile; fileRef = 0C0FB9B92285F4C700B3CF30 /* NavigationHelper.swift */; };
		0C1095B221FCA454004F742A /* EazipLabel.swift in Sources */ = {isa = PBXBuildFile; fileRef = 0C1095B121FCA454004F742A /* EazipLabel.swift */; };
		0C1095BA21FCB7DA004F742A /* FontHelper.swift in Sources */ = {isa = PBXBuildFile; fileRef = 0C1095B921FCB7DA004F742A /* FontHelper.swift */; };
		0C1095BD21FCBC6D004F742A /* LoginPageController.swift in Sources */ = {isa = PBXBuildFile; fileRef = 0C1095BC21FCBC6D004F742A /* LoginPageController.swift */; };
		0C1095C021FCBC99004F742A /* WelcomePageController.swift in Sources */ = {isa = PBXBuildFile; fileRef = 0C1095BF21FCBC99004F742A /* WelcomePageController.swift */; };
		0C1095C221FF0434004F742A /* GradientHelper.swift in Sources */ = {isa = PBXBuildFile; fileRef = 0C1095C121FF0434004F742A /* GradientHelper.swift */; };
		0C10E3D32279AEF70070B353 /* AppointmentsListViewController.swift in Sources */ = {isa = PBXBuildFile; fileRef = 0C10E3D22279AEF70070B353 /* AppointmentsListViewController.swift */; };
		0C10E3D52279B5F00070B353 /* AppointmentsListCollectionView.swift in Sources */ = {isa = PBXBuildFile; fileRef = 0C10E3D42279B5F00070B353 /* AppointmentsListCollectionView.swift */; };
		0C10E3D82279BAB50070B353 /* AppointmentTileViewCell.swift in Sources */ = {isa = PBXBuildFile; fileRef = 0C10E3D62279BAB50070B353 /* AppointmentTileViewCell.swift */; };
		0C10E3D92279BAB50070B353 /* AppointmentTileViewCell.xib in Resources */ = {isa = PBXBuildFile; fileRef = 0C10E3D72279BAB50070B353 /* AppointmentTileViewCell.xib */; };
		0C10E3DF227B2F7A0070B353 /* AppointmentStatusLabel.swift in Sources */ = {isa = PBXBuildFile; fileRef = 0C10E3DE227B2F7A0070B353 /* AppointmentStatusLabel.swift */; };
		0C1B937E223A89A000EC60B1 /* SewersViewController.swift in Sources */ = {isa = PBXBuildFile; fileRef = 0C1B937D223A89A000EC60B1 /* SewersViewController.swift */; };
		0C1B9380223A89E900EC60B1 /* SewerViewCell.swift in Sources */ = {isa = PBXBuildFile; fileRef = 0C1B937F223A89E900EC60B1 /* SewerViewCell.swift */; };
		0C1B9382223A8A0900EC60B1 /* Sewer.swift in Sources */ = {isa = PBXBuildFile; fileRef = 0C1B9381223A8A0900EC60B1 /* Sewer.swift */; };
		0C1B9386223A8B8400EC60B1 /* FrankRuhlLibre-Regular.ttf in Resources */ = {isa = PBXBuildFile; fileRef = 0C1B9383223A8B8400EC60B1 /* FrankRuhlLibre-Regular.ttf */; };
		0C1B9387223A8B8400EC60B1 /* avenir-book.ttf in Resources */ = {isa = PBXBuildFile; fileRef = 0C1B9384223A8B8400EC60B1 /* avenir-book.ttf */; };
		0C1B9388223A8B8400EC60B1 /* FrankRuhlLibre-Black.ttf in Resources */ = {isa = PBXBuildFile; fileRef = 0C1B9385223A8B8400EC60B1 /* FrankRuhlLibre-Black.ttf */; };
		0C1B9391223BD72500EC60B1 /* Colors.xcassets in Resources */ = {isa = PBXBuildFile; fileRef = 0C1B9390223BD72500EC60B1 /* Colors.xcassets */; };
		0C218967225602150011DA45 /* SewerAvailabilityViewController.swift in Sources */ = {isa = PBXBuildFile; fileRef = 0C218966225602150011DA45 /* SewerAvailabilityViewController.swift */; };
		0C2290B6225BE88F009FBC9C /* CustomNavigationUIHelper.swift in Sources */ = {isa = PBXBuildFile; fileRef = 0C2290B5225BE88F009FBC9C /* CustomNavigationUIHelper.swift */; };
		0C2290B8225BEAE8009FBC9C /* NavigationNextLabel.swift in Sources */ = {isa = PBXBuildFile; fileRef = 0C2290B7225BEAE8009FBC9C /* NavigationNextLabel.swift */; };
		0C47D4A322872329005249AA /* WorksByClothViewController.swift in Sources */ = {isa = PBXBuildFile; fileRef = 0C47D4A222872329005249AA /* WorksByClothViewController.swift */; };
		0C47D4A622881BFD005249AA /* WorksByClothCollectionView.swift in Sources */ = {isa = PBXBuildFile; fileRef = 0C47D4A522881BFD005249AA /* WorksByClothCollectionView.swift */; };
		0C47D4AA228820FE005249AA /* ClothDetailsViewCell.swift in Sources */ = {isa = PBXBuildFile; fileRef = 0C47D4A8228820FE005249AA /* ClothDetailsViewCell.swift */; };
		0C47D4AB228820FE005249AA /* ClothDetailsViewCell.xib in Resources */ = {isa = PBXBuildFile; fileRef = 0C47D4A9228820FE005249AA /* ClothDetailsViewCell.xib */; };
		0C57C41421FC8AF7007343C7 /* AppDelegate.swift in Sources */ = {isa = PBXBuildFile; fileRef = 0C57C41321FC8AF7007343C7 /* AppDelegate.swift */; };
		0C57C41921FC8AF7007343C7 /* Main.storyboard in Resources */ = {isa = PBXBuildFile; fileRef = 0C57C41721FC8AF7007343C7 /* Main.storyboard */; };
		0C57C41E21FC8AF7007343C7 /* LaunchScreen.storyboard in Resources */ = {isa = PBXBuildFile; fileRef = 0C57C41C21FC8AF7007343C7 /* LaunchScreen.storyboard */; };
		0C57C42921FC8AF7007343C7 /* EazipTests.swift in Sources */ = {isa = PBXBuildFile; fileRef = 0C57C42821FC8AF7007343C7 /* EazipTests.swift */; };
		0C57C44221FC8C67007343C7 /* Assets.xcassets in Resources */ = {isa = PBXBuildFile; fileRef = 0C57C44121FC8C67007343C7 /* Assets.xcassets */; };
		0C60F22B2248408F00E4B5F2 /* BoldLabel.swift in Sources */ = {isa = PBXBuildFile; fileRef = 0C60F22A2248408F00E4B5F2 /* BoldLabel.swift */; };
		0C60F22E224963B500E4B5F2 /* SewerReview.swift in Sources */ = {isa = PBXBuildFile; fileRef = 0C60F22D224963B500E4B5F2 /* SewerReview.swift */; };
		0C60F230224AA24D00E4B5F2 /* SewerProfileViewController.swift in Sources */ = {isa = PBXBuildFile; fileRef = 0C60F22F224AA24D00E4B5F2 /* SewerProfileViewController.swift */; };
		0C60F232224AA65500E4B5F2 /* SewerProfile.swift in Sources */ = {isa = PBXBuildFile; fileRef = 0C60F231224AA65500E4B5F2 /* SewerProfile.swift */; };
		0C60F23A224ADBC300E4B5F2 /* PictureViewCell.swift in Sources */ = {isa = PBXBuildFile; fileRef = 0C60F238224ADBC300E4B5F2 /* PictureViewCell.swift */; };
		0C60F23B224ADBC300E4B5F2 /* PictureViewCell.xib in Resources */ = {isa = PBXBuildFile; fileRef = 0C60F239224ADBC300E4B5F2 /* PictureViewCell.xib */; };
		0C60F23E224AFB3900E4B5F2 /* DescriptionViewCell.swift in Sources */ = {isa = PBXBuildFile; fileRef = 0C60F23C224AFB3900E4B5F2 /* DescriptionViewCell.swift */; };
		0C60F23F224AFB3900E4B5F2 /* DescriptionViewCell.xib in Resources */ = {isa = PBXBuildFile; fileRef = 0C60F23D224AFB3900E4B5F2 /* DescriptionViewCell.xib */; };
		0C60F242224BED2200E4B5F2 /* ReviewViewCell.swift in Sources */ = {isa = PBXBuildFile; fileRef = 0C60F240224BED2200E4B5F2 /* ReviewViewCell.swift */; };
		0C60F243224BED2200E4B5F2 /* ReviewViewCell.xib in Resources */ = {isa = PBXBuildFile; fileRef = 0C60F241224BED2200E4B5F2 /* ReviewViewCell.xib */; };
		0C60F246224E41EB00E4B5F2 /* ProfileSectionTitle.swift in Sources */ = {isa = PBXBuildFile; fileRef = 0C60F245224E41EB00E4B5F2 /* ProfileSectionTitle.swift */; };
		0C60F249224E9CEF00E4B5F2 /* LastWorksViewCell.swift in Sources */ = {isa = PBXBuildFile; fileRef = 0C60F247224E9CEF00E4B5F2 /* LastWorksViewCell.swift */; };
		0C60F24A224E9CEF00E4B5F2 /* LastWorksViewCell.xib in Resources */ = {isa = PBXBuildFile; fileRef = 0C60F248224E9CEF00E4B5F2 /* LastWorksViewCell.xib */; };
		0C6DAE5D22664BE500DCB077 /* HoursToDisplay.swift in Sources */ = {isa = PBXBuildFile; fileRef = 0C6DAE5C22664BE500DCB077 /* HoursToDisplay.swift */; };
		0C6DB8CB2266F80900F1020C /* ConfirmAppointmentViewController.swift in Sources */ = {isa = PBXBuildFile; fileRef = 0C6DB8CA2266F80900F1020C /* ConfirmAppointmentViewController.swift */; };
		0C6DB8CE22690A7600F1020C /* SewerProfileShortViewCell.swift in Sources */ = {isa = PBXBuildFile; fileRef = 0C6DB8CC22690A7600F1020C /* SewerProfileShortViewCell.swift */; };
		0C6DB8CF22690A7600F1020C /* SewerProfileShortViewCell.xib in Resources */ = {isa = PBXBuildFile; fileRef = 0C6DB8CD22690A7600F1020C /* SewerProfileShortViewCell.xib */; };
		0C6DB8D522690E6600F1020C /* AppointmentCollectionView.swift in Sources */ = {isa = PBXBuildFile; fileRef = 0C6DB8D422690E6600F1020C /* AppointmentCollectionView.swift */; };
		0C6DB8D8226A2B1D00F1020C /* ProductsDetailsViewCell.swift in Sources */ = {isa = PBXBuildFile; fileRef = 0C6DB8D6226A2B1D00F1020C /* ProductsDetailsViewCell.swift */; };
		0C6DB8D9226A2B1D00F1020C /* ProductsDetailsViewCell.xib in Resources */ = {isa = PBXBuildFile; fileRef = 0C6DB8D7226A2B1D00F1020C /* ProductsDetailsViewCell.xib */; };
		0C6DB8E0226A5D4F00F1020C /* Product.swift in Sources */ = {isa = PBXBuildFile; fileRef = 0C6DB8DF226A5D4F00F1020C /* Product.swift */; };
		0C6DB8E2226E299100F1020C /* TodoProduct.swift in Sources */ = {isa = PBXBuildFile; fileRef = 0C6DB8E1226E299100F1020C /* TodoProduct.swift */; };
		0C6DB8E5226E3F8800F1020C /* ConfirmScreenTemplate.swift in Sources */ = {isa = PBXBuildFile; fileRef = 0C6DB8E4226E3F8800F1020C /* ConfirmScreenTemplate.swift */; };
		0C6DB8E7226E435E00F1020C /* Appointment.swift in Sources */ = {isa = PBXBuildFile; fileRef = 0C6DB8E6226E435E00F1020C /* Appointment.swift */; };
		0C8CA46922798B0200CEEA65 /* DefaultNavigation.swift in Sources */ = {isa = PBXBuildFile; fileRef = 0C8CA46822798B0200CEEA65 /* DefaultNavigation.swift */; };
		0C93BA5522004E7300400BD2 /* CustomizeButtonHelper.swift in Sources */ = {isa = PBXBuildFile; fileRef = 0C93BA5422004E7300400BD2 /* CustomizeButtonHelper.swift */; };
		0C93BA572200523C00400BD2 /* ColoredActionButton.swift in Sources */ = {isa = PBXBuildFile; fileRef = 0C93BA562200523C00400BD2 /* ColoredActionButton.swift */; };
		0C93BA592200535500400BD2 /* WhiteActionButton.swift in Sources */ = {isa = PBXBuildFile; fileRef = 0C93BA582200535500400BD2 /* WhiteActionButton.swift */; };
		0C988BEB223EF9FD0079727C /* DefaultLightText.swift in Sources */ = {isa = PBXBuildFile; fileRef = 0C988BEA223EF9FD0079727C /* DefaultLightText.swift */; };
		0C988BED22404B510079727C /* Avenir-Black.ttf in Resources */ = {isa = PBXBuildFile; fileRef = 0C988BEC22404B510079727C /* Avenir-Black.ttf */; };
		0C988BF12245A8A70079727C /* LightLabel.swift in Sources */ = {isa = PBXBuildFile; fileRef = 0C988BF02245A8A70079727C /* LightLabel.swift */; };
		0C9CE33E225E9ECB004DF3DA /* CalendarHelper.swift in Sources */ = {isa = PBXBuildFile; fileRef = 0C9CE33D225E9ECB004DF3DA /* CalendarHelper.swift */; };
		0C9CE340225F62A8004DF3DA /* CurrentDateHelper.swift in Sources */ = {isa = PBXBuildFile; fileRef = 0C9CE33F225F62A8004DF3DA /* CurrentDateHelper.swift */; };
		0C9CE34222622300004DF3DA /* DatePickerHelper.swift in Sources */ = {isa = PBXBuildFile; fileRef = 0C9CE34122622300004DF3DA /* DatePickerHelper.swift */; };
		0CB830292262945F00A689DB /* FormatStringHelper.swift in Sources */ = {isa = PBXBuildFile; fileRef = 0CB830282262945F00A689DB /* FormatStringHelper.swift */; };
		0CB8302C226463D100A689DB /* DatePickerCollectionView.swift in Sources */ = {isa = PBXBuildFile; fileRef = 0CB8302B226463D100A689DB /* DatePickerCollectionView.swift */; };
		0CB8302E2264652F00A689DB /* HourPickerTableView.swift in Sources */ = {isa = PBXBuildFile; fileRef = 0CB8302D2264652F00A689DB /* HourPickerTableView.swift */; };
		0CBC128F2289C1E800E7985D /* WorksDropdownItemViewCell.swift in Sources */ = {isa = PBXBuildFile; fileRef = 0CBC128D2289C1E800E7985D /* WorksDropdownItemViewCell.swift */; };
		0CBC12902289C1E800E7985D /* WorksDropdownItemViewCell.xib in Resources */ = {isa = PBXBuildFile; fileRef = 0CBC128E2289C1E800E7985D /* WorksDropdownItemViewCell.xib */; };
		0CBC129B2289C96600E7985D /* WorkChoiceItemViewCell.swift in Sources */ = {isa = PBXBuildFile; fileRef = 0CBC12992289C96600E7985D /* WorkChoiceItemViewCell.swift */; };
		0CBC129C2289C96600E7985D /* WorkChoiceItemViewCell.xib in Resources */ = {isa = PBXBuildFile; fileRef = 0CBC129A2289C96600E7985D /* WorkChoiceItemViewCell.xib */; };
		0CBC129F228A02AB00E7985D /* Cloth.swift in Sources */ = {isa = PBXBuildFile; fileRef = 0CBC129E228A02AB00E7985D /* Cloth.swift */; };
		0CD685F022534E03009C9396 /* SewerProfilePageTemplate.swift in Sources */ = {isa = PBXBuildFile; fileRef = 0CD685EF22534E03009C9396 /* SewerProfilePageTemplate.swift */; };
		0CD685F6225388B7009C9396 /* CollectionCellConfigurator.swift in Sources */ = {isa = PBXBuildFile; fileRef = 0CD685F5225388B7009C9396 /* CollectionCellConfigurator.swift */; };
		0CD9E23E227C32E2009343A3 /* AppointmentDetailsViewController.swift in Sources */ = {isa = PBXBuildFile; fileRef = 0CD9E23D227C32E2009343A3 /* AppointmentDetailsViewController.swift */; };
		0CD9E240227C3C23009343A3 /* AppointmentDetailsCollectionView.swift in Sources */ = {isa = PBXBuildFile; fileRef = 0CD9E23F227C3C23009343A3 /* AppointmentDetailsCollectionView.swift */; };
		0CD9E244227C3D46009343A3 /* AppointmentDetailsTemplate.swift in Sources */ = {isa = PBXBuildFile; fileRef = 0CD9E243227C3D46009343A3 /* AppointmentDetailsTemplate.swift */; };
		0CDA24AC226E595600A34AF2 /* ProductItemViewCell.swift in Sources */ = {isa = PBXBuildFile; fileRef = 0CDA24AA226E595600A34AF2 /* ProductItemViewCell.swift */; };
		0CDA24AD226E595600A34AF2 /* ProductItemViewCell.xib in Resources */ = {isa = PBXBuildFile; fileRef = 0CDA24AB226E595600A34AF2 /* ProductItemViewCell.xib */; };
		0CDA24B0226E7A5300A34AF2 /* AppointmentViewCell.swift in Sources */ = {isa = PBXBuildFile; fileRef = 0CDA24AE226E7A5300A34AF2 /* AppointmentViewCell.swift */; };
		0CDA24B1226E7A5300A34AF2 /* AppointmentViewCell.xib in Resources */ = {isa = PBXBuildFile; fileRef = 0CDA24AF226E7A5300A34AF2 /* AppointmentViewCell.xib */; };
		0CDA24B4226F093400A34AF2 /* PaymentMethodsViewCell.swift in Sources */ = {isa = PBXBuildFile; fileRef = 0CDA24B2226F093400A34AF2 /* PaymentMethodsViewCell.swift */; };
		0CDA24B5226F093400A34AF2 /* PaymentMethodsViewCell.xib in Resources */ = {isa = PBXBuildFile; fileRef = 0CDA24B3226F093400A34AF2 /* PaymentMethodsViewCell.xib */; };
		0CDA24B7226F18C800A34AF2 /* Customer.swift in Sources */ = {isa = PBXBuildFile; fileRef = 0CDA24B6226F18C800A34AF2 /* Customer.swift */; };
		0CDA24BA226F33B900A34AF2 /* PaymentItemViewCell.swift in Sources */ = {isa = PBXBuildFile; fileRef = 0CDA24B8226F33B900A34AF2 /* PaymentItemViewCell.swift */; };
		0CDA24BB226F33B900A34AF2 /* PaymentItemViewCell.xib in Resources */ = {isa = PBXBuildFile; fileRef = 0CDA24B9226F33B900A34AF2 /* PaymentItemViewCell.xib */; };
		0CDA24C0227067CA00A34AF2 /* PromoCodeViewCell.xib in Resources */ = {isa = PBXBuildFile; fileRef = 0CDA24BE227067CA00A34AF2 /* PromoCodeViewCell.xib */; };
		0CE0D7B92286E29E00D23FA6 /* ClothItemViewCell.swift in Sources */ = {isa = PBXBuildFile; fileRef = 0CE0D7B72286E29E00D23FA6 /* ClothItemViewCell.swift */; };
		0CE0D7BA2286E29E00D23FA6 /* ClothItemViewCell.xib in Resources */ = {isa = PBXBuildFile; fileRef = 0CE0D7B82286E29E00D23FA6 /* ClothItemViewCell.xib */; };
		0CE0D7BD2286E3EF00D23FA6 /* ClothsListTableView.swift in Sources */ = {isa = PBXBuildFile; fileRef = 0CE0D7BC2286E3EF00D23FA6 /* ClothsListTableView.swift */; };
		0CECB921228EA9500004C368 /* SewerCollectionView.swift in Sources */ = {isa = PBXBuildFile; fileRef = 0CECB920228EA9500004C368 /* SewerCollectionView.swift */; };
		0CFED2932257410200DDE166 /* DatePickerViewCell.swift in Sources */ = {isa = PBXBuildFile; fileRef = 0CFED2912257410200DDE166 /* DatePickerViewCell.swift */; };
		0CFED2942257410200DDE166 /* DatePickerViewCell.xib in Resources */ = {isa = PBXBuildFile; fileRef = 0CFED2922257410200DDE166 /* DatePickerViewCell.xib */; };
		0CFED299225754FC00DDE166 /* HourPickerViewCell.swift in Sources */ = {isa = PBXBuildFile; fileRef = 0CFED297225754FC00DDE166 /* HourPickerViewCell.swift */; };
		0CFED29A225754FC00DDE166 /* HourPickerViewCell.xib in Resources */ = {isa = PBXBuildFile; fileRef = 0CFED298225754FC00DDE166 /* HourPickerViewCell.xib */; };
		0CFED29F225A92F000DDE166 /* DefaultText.swift in Sources */ = {isa = PBXBuildFile; fileRef = 0CFED29E225A92F000DDE166 /* DefaultText.swift */; };
		2E5C60DC2200B48E00DEA84A /* ClothsPickingViewController.swift in Sources */ = {isa = PBXBuildFile; fileRef = 2E5C60DB2200B48E00DEA84A /* ClothsPickingViewController.swift */; };
		2E5C60E52200D15600DEA84A /* ClothsList.swift in Sources */ = {isa = PBXBuildFile; fileRef = 2E5C60E42200D15600DEA84A /* ClothsList.swift */; };
		5591A3A32273509600DE342D /* PromoCodeViewCell.swift in Sources */ = {isa = PBXBuildFile; fileRef = 5591A3A22273509600DE342D /* PromoCodeViewCell.swift */; };
/* End PBXBuildFile section */

/* Begin PBXContainerItemProxy section */
		0C57C42521FC8AF7007343C7 /* PBXContainerItemProxy */ = {
			isa = PBXContainerItemProxy;
			containerPortal = 0C57C40821FC8AF7007343C7 /* Project object */;
			proxyType = 1;
			remoteGlobalIDString = 0C57C40F21FC8AF7007343C7;
			remoteInfo = Eazip;
		};
/* End PBXContainerItemProxy section */

/* Begin PBXFileReference section */
		0C0FB9B42284D6F500B3CF30 /* GradientView.swift */ = {isa = PBXFileReference; lastKnownFileType = sourcecode.swift; path = GradientView.swift; sourceTree = "<group>"; };
		0C0FB9B92285F4C700B3CF30 /* NavigationHelper.swift */ = {isa = PBXFileReference; lastKnownFileType = sourcecode.swift; path = NavigationHelper.swift; sourceTree = "<group>"; };
		0C1095B121FCA454004F742A /* EazipLabel.swift */ = {isa = PBXFileReference; lastKnownFileType = sourcecode.swift; path = EazipLabel.swift; sourceTree = "<group>"; };
		0C1095B921FCB7DA004F742A /* FontHelper.swift */ = {isa = PBXFileReference; lastKnownFileType = sourcecode.swift; path = FontHelper.swift; sourceTree = "<group>"; };
		0C1095BC21FCBC6D004F742A /* LoginPageController.swift */ = {isa = PBXFileReference; lastKnownFileType = sourcecode.swift; path = LoginPageController.swift; sourceTree = "<group>"; };
		0C1095BF21FCBC99004F742A /* WelcomePageController.swift */ = {isa = PBXFileReference; lastKnownFileType = sourcecode.swift; path = WelcomePageController.swift; sourceTree = "<group>"; };
		0C1095C121FF0434004F742A /* GradientHelper.swift */ = {isa = PBXFileReference; lastKnownFileType = sourcecode.swift; path = GradientHelper.swift; sourceTree = "<group>"; };
		0C10E3D22279AEF70070B353 /* AppointmentsListViewController.swift */ = {isa = PBXFileReference; lastKnownFileType = sourcecode.swift; path = AppointmentsListViewController.swift; sourceTree = "<group>"; };
		0C10E3D42279B5F00070B353 /* AppointmentsListCollectionView.swift */ = {isa = PBXFileReference; lastKnownFileType = sourcecode.swift; path = AppointmentsListCollectionView.swift; sourceTree = "<group>"; };
		0C10E3D62279BAB50070B353 /* AppointmentTileViewCell.swift */ = {isa = PBXFileReference; lastKnownFileType = sourcecode.swift; path = AppointmentTileViewCell.swift; sourceTree = "<group>"; };
		0C10E3D72279BAB50070B353 /* AppointmentTileViewCell.xib */ = {isa = PBXFileReference; lastKnownFileType = file.xib; path = AppointmentTileViewCell.xib; sourceTree = "<group>"; };
		0C10E3DE227B2F7A0070B353 /* AppointmentStatusLabel.swift */ = {isa = PBXFileReference; lastKnownFileType = sourcecode.swift; path = AppointmentStatusLabel.swift; sourceTree = "<group>"; };
		0C1B937D223A89A000EC60B1 /* SewersViewController.swift */ = {isa = PBXFileReference; lastKnownFileType = sourcecode.swift; path = SewersViewController.swift; sourceTree = "<group>"; };
		0C1B937F223A89E900EC60B1 /* SewerViewCell.swift */ = {isa = PBXFileReference; lastKnownFileType = sourcecode.swift; path = SewerViewCell.swift; sourceTree = "<group>"; };
		0C1B9381223A8A0900EC60B1 /* Sewer.swift */ = {isa = PBXFileReference; lastKnownFileType = sourcecode.swift; path = Sewer.swift; sourceTree = "<group>"; };
		0C1B9383223A8B8400EC60B1 /* FrankRuhlLibre-Regular.ttf */ = {isa = PBXFileReference; lastKnownFileType = file; path = "FrankRuhlLibre-Regular.ttf"; sourceTree = "<group>"; };
		0C1B9384223A8B8400EC60B1 /* avenir-book.ttf */ = {isa = PBXFileReference; lastKnownFileType = file; path = "avenir-book.ttf"; sourceTree = "<group>"; };
		0C1B9385223A8B8400EC60B1 /* FrankRuhlLibre-Black.ttf */ = {isa = PBXFileReference; lastKnownFileType = file; path = "FrankRuhlLibre-Black.ttf"; sourceTree = "<group>"; };
		0C1B9390223BD72500EC60B1 /* Colors.xcassets */ = {isa = PBXFileReference; lastKnownFileType = folder.assetcatalog; path = Colors.xcassets; sourceTree = "<group>"; };
		0C218966225602150011DA45 /* SewerAvailabilityViewController.swift */ = {isa = PBXFileReference; lastKnownFileType = sourcecode.swift; path = SewerAvailabilityViewController.swift; sourceTree = "<group>"; };
		0C2290B5225BE88F009FBC9C /* CustomNavigationUIHelper.swift */ = {isa = PBXFileReference; lastKnownFileType = sourcecode.swift; path = CustomNavigationUIHelper.swift; sourceTree = "<group>"; };
		0C2290B7225BEAE8009FBC9C /* NavigationNextLabel.swift */ = {isa = PBXFileReference; lastKnownFileType = sourcecode.swift; path = NavigationNextLabel.swift; sourceTree = "<group>"; };
		0C47D4A222872329005249AA /* WorksByClothViewController.swift */ = {isa = PBXFileReference; lastKnownFileType = sourcecode.swift; path = WorksByClothViewController.swift; sourceTree = "<group>"; };
		0C47D4A522881BFD005249AA /* WorksByClothCollectionView.swift */ = {isa = PBXFileReference; lastKnownFileType = sourcecode.swift; path = WorksByClothCollectionView.swift; sourceTree = "<group>"; };
		0C47D4A8228820FE005249AA /* ClothDetailsViewCell.swift */ = {isa = PBXFileReference; lastKnownFileType = sourcecode.swift; path = ClothDetailsViewCell.swift; sourceTree = "<group>"; };
		0C47D4A9228820FE005249AA /* ClothDetailsViewCell.xib */ = {isa = PBXFileReference; lastKnownFileType = file.xib; path = ClothDetailsViewCell.xib; sourceTree = "<group>"; };
		0C57C41021FC8AF7007343C7 /* Eazip.app */ = {isa = PBXFileReference; explicitFileType = wrapper.application; includeInIndex = 0; path = Eazip.app; sourceTree = BUILT_PRODUCTS_DIR; };
		0C57C41321FC8AF7007343C7 /* AppDelegate.swift */ = {isa = PBXFileReference; lastKnownFileType = sourcecode.swift; path = AppDelegate.swift; sourceTree = "<group>"; };
		0C57C41821FC8AF7007343C7 /* Base */ = {isa = PBXFileReference; lastKnownFileType = file.storyboard; name = Base; path = Base.lproj/Main.storyboard; sourceTree = "<group>"; };
		0C57C41D21FC8AF7007343C7 /* Base */ = {isa = PBXFileReference; lastKnownFileType = file.storyboard; name = Base; path = Base.lproj/LaunchScreen.storyboard; sourceTree = "<group>"; };
		0C57C41F21FC8AF7007343C7 /* Info.plist */ = {isa = PBXFileReference; lastKnownFileType = text.plist.xml; path = Info.plist; sourceTree = "<group>"; };
		0C57C42421FC8AF7007343C7 /* EazipTests.xctest */ = {isa = PBXFileReference; explicitFileType = wrapper.cfbundle; includeInIndex = 0; path = EazipTests.xctest; sourceTree = BUILT_PRODUCTS_DIR; };
		0C57C42821FC8AF7007343C7 /* EazipTests.swift */ = {isa = PBXFileReference; lastKnownFileType = sourcecode.swift; path = EazipTests.swift; sourceTree = "<group>"; };
		0C57C42A21FC8AF7007343C7 /* Info.plist */ = {isa = PBXFileReference; lastKnownFileType = text.plist.xml; path = Info.plist; sourceTree = "<group>"; };
		0C57C44121FC8C67007343C7 /* Assets.xcassets */ = {isa = PBXFileReference; lastKnownFileType = folder.assetcatalog; path = Assets.xcassets; sourceTree = "<group>"; };
		0C60F22A2248408F00E4B5F2 /* BoldLabel.swift */ = {isa = PBXFileReference; lastKnownFileType = sourcecode.swift; path = BoldLabel.swift; sourceTree = "<group>"; };
		0C60F22D224963B500E4B5F2 /* SewerReview.swift */ = {isa = PBXFileReference; lastKnownFileType = sourcecode.swift; path = SewerReview.swift; sourceTree = "<group>"; };
		0C60F22F224AA24D00E4B5F2 /* SewerProfileViewController.swift */ = {isa = PBXFileReference; lastKnownFileType = sourcecode.swift; path = SewerProfileViewController.swift; sourceTree = "<group>"; };
		0C60F231224AA65500E4B5F2 /* SewerProfile.swift */ = {isa = PBXFileReference; lastKnownFileType = sourcecode.swift; path = SewerProfile.swift; sourceTree = "<group>"; };
		0C60F238224ADBC300E4B5F2 /* PictureViewCell.swift */ = {isa = PBXFileReference; lastKnownFileType = sourcecode.swift; path = PictureViewCell.swift; sourceTree = "<group>"; };
		0C60F239224ADBC300E4B5F2 /* PictureViewCell.xib */ = {isa = PBXFileReference; lastKnownFileType = file.xib; path = PictureViewCell.xib; sourceTree = "<group>"; };
		0C60F23C224AFB3900E4B5F2 /* DescriptionViewCell.swift */ = {isa = PBXFileReference; lastKnownFileType = sourcecode.swift; path = DescriptionViewCell.swift; sourceTree = "<group>"; };
		0C60F23D224AFB3900E4B5F2 /* DescriptionViewCell.xib */ = {isa = PBXFileReference; lastKnownFileType = file.xib; path = DescriptionViewCell.xib; sourceTree = "<group>"; };
		0C60F240224BED2200E4B5F2 /* ReviewViewCell.swift */ = {isa = PBXFileReference; lastKnownFileType = sourcecode.swift; path = ReviewViewCell.swift; sourceTree = "<group>"; };
		0C60F241224BED2200E4B5F2 /* ReviewViewCell.xib */ = {isa = PBXFileReference; lastKnownFileType = file.xib; path = ReviewViewCell.xib; sourceTree = "<group>"; };
		0C60F245224E41EB00E4B5F2 /* ProfileSectionTitle.swift */ = {isa = PBXFileReference; lastKnownFileType = sourcecode.swift; path = ProfileSectionTitle.swift; sourceTree = "<group>"; };
		0C60F247224E9CEF00E4B5F2 /* LastWorksViewCell.swift */ = {isa = PBXFileReference; lastKnownFileType = sourcecode.swift; path = LastWorksViewCell.swift; sourceTree = "<group>"; };
		0C60F248224E9CEF00E4B5F2 /* LastWorksViewCell.xib */ = {isa = PBXFileReference; lastKnownFileType = file.xib; path = LastWorksViewCell.xib; sourceTree = "<group>"; };
		0C6DAE5C22664BE500DCB077 /* HoursToDisplay.swift */ = {isa = PBXFileReference; lastKnownFileType = sourcecode.swift; path = HoursToDisplay.swift; sourceTree = "<group>"; };
		0C6DB8CA2266F80900F1020C /* ConfirmAppointmentViewController.swift */ = {isa = PBXFileReference; lastKnownFileType = sourcecode.swift; path = ConfirmAppointmentViewController.swift; sourceTree = "<group>"; };
		0C6DB8CC22690A7600F1020C /* SewerProfileShortViewCell.swift */ = {isa = PBXFileReference; lastKnownFileType = sourcecode.swift; path = SewerProfileShortViewCell.swift; sourceTree = "<group>"; };
		0C6DB8CD22690A7600F1020C /* SewerProfileShortViewCell.xib */ = {isa = PBXFileReference; lastKnownFileType = file.xib; path = SewerProfileShortViewCell.xib; sourceTree = "<group>"; };
		0C6DB8D422690E6600F1020C /* AppointmentCollectionView.swift */ = {isa = PBXFileReference; lastKnownFileType = sourcecode.swift; path = AppointmentCollectionView.swift; sourceTree = "<group>"; };
		0C6DB8D6226A2B1D00F1020C /* ProductsDetailsViewCell.swift */ = {isa = PBXFileReference; lastKnownFileType = sourcecode.swift; path = ProductsDetailsViewCell.swift; sourceTree = "<group>"; };
		0C6DB8D7226A2B1D00F1020C /* ProductsDetailsViewCell.xib */ = {isa = PBXFileReference; lastKnownFileType = file.xib; path = ProductsDetailsViewCell.xib; sourceTree = "<group>"; };
		0C6DB8DF226A5D4F00F1020C /* Product.swift */ = {isa = PBXFileReference; lastKnownFileType = sourcecode.swift; path = Product.swift; sourceTree = "<group>"; };
		0C6DB8E1226E299100F1020C /* TodoProduct.swift */ = {isa = PBXFileReference; lastKnownFileType = sourcecode.swift; path = TodoProduct.swift; sourceTree = "<group>"; };
		0C6DB8E4226E3F8800F1020C /* ConfirmScreenTemplate.swift */ = {isa = PBXFileReference; lastKnownFileType = sourcecode.swift; path = ConfirmScreenTemplate.swift; sourceTree = "<group>"; };
		0C6DB8E6226E435E00F1020C /* Appointment.swift */ = {isa = PBXFileReference; lastKnownFileType = sourcecode.swift; path = Appointment.swift; sourceTree = "<group>"; };
		0C8CA46822798B0200CEEA65 /* DefaultNavigation.swift */ = {isa = PBXFileReference; lastKnownFileType = sourcecode.swift; path = DefaultNavigation.swift; sourceTree = "<group>"; };
		0C93BA5422004E7300400BD2 /* CustomizeButtonHelper.swift */ = {isa = PBXFileReference; lastKnownFileType = sourcecode.swift; path = CustomizeButtonHelper.swift; sourceTree = "<group>"; };
		0C93BA562200523C00400BD2 /* ColoredActionButton.swift */ = {isa = PBXFileReference; lastKnownFileType = sourcecode.swift; path = ColoredActionButton.swift; sourceTree = "<group>"; };
		0C93BA582200535500400BD2 /* WhiteActionButton.swift */ = {isa = PBXFileReference; lastKnownFileType = sourcecode.swift; path = WhiteActionButton.swift; sourceTree = "<group>"; };
		0C988BEA223EF9FD0079727C /* DefaultLightText.swift */ = {isa = PBXFileReference; lastKnownFileType = sourcecode.swift; path = DefaultLightText.swift; sourceTree = "<group>"; };
		0C988BEC22404B510079727C /* Avenir-Black.ttf */ = {isa = PBXFileReference; lastKnownFileType = file; path = "Avenir-Black.ttf"; sourceTree = "<group>"; };
		0C988BF02245A8A70079727C /* LightLabel.swift */ = {isa = PBXFileReference; lastKnownFileType = sourcecode.swift; path = LightLabel.swift; sourceTree = "<group>"; };
		0C9CE33D225E9ECB004DF3DA /* CalendarHelper.swift */ = {isa = PBXFileReference; lastKnownFileType = sourcecode.swift; path = CalendarHelper.swift; sourceTree = "<group>"; };
		0C9CE33F225F62A8004DF3DA /* CurrentDateHelper.swift */ = {isa = PBXFileReference; lastKnownFileType = sourcecode.swift; path = CurrentDateHelper.swift; sourceTree = "<group>"; };
		0C9CE34122622300004DF3DA /* DatePickerHelper.swift */ = {isa = PBXFileReference; lastKnownFileType = sourcecode.swift; path = DatePickerHelper.swift; sourceTree = "<group>"; };
		0CB830282262945F00A689DB /* FormatStringHelper.swift */ = {isa = PBXFileReference; lastKnownFileType = sourcecode.swift; path = FormatStringHelper.swift; sourceTree = "<group>"; };
		0CB8302B226463D100A689DB /* DatePickerCollectionView.swift */ = {isa = PBXFileReference; lastKnownFileType = sourcecode.swift; path = DatePickerCollectionView.swift; sourceTree = "<group>"; };
		0CB8302D2264652F00A689DB /* HourPickerTableView.swift */ = {isa = PBXFileReference; lastKnownFileType = sourcecode.swift; path = HourPickerTableView.swift; sourceTree = "<group>"; };
		0CBC128D2289C1E800E7985D /* WorksDropdownItemViewCell.swift */ = {isa = PBXFileReference; lastKnownFileType = sourcecode.swift; path = WorksDropdownItemViewCell.swift; sourceTree = "<group>"; };
		0CBC128E2289C1E800E7985D /* WorksDropdownItemViewCell.xib */ = {isa = PBXFileReference; lastKnownFileType = file.xib; path = WorksDropdownItemViewCell.xib; sourceTree = "<group>"; };
		0CBC12992289C96600E7985D /* WorkChoiceItemViewCell.swift */ = {isa = PBXFileReference; lastKnownFileType = sourcecode.swift; path = WorkChoiceItemViewCell.swift; sourceTree = "<group>"; };
		0CBC129A2289C96600E7985D /* WorkChoiceItemViewCell.xib */ = {isa = PBXFileReference; lastKnownFileType = file.xib; path = WorkChoiceItemViewCell.xib; sourceTree = "<group>"; };
		0CBC129E228A02AB00E7985D /* Cloth.swift */ = {isa = PBXFileReference; lastKnownFileType = sourcecode.swift; path = Cloth.swift; sourceTree = "<group>"; };
		0CD685EF22534E03009C9396 /* SewerProfilePageTemplate.swift */ = {isa = PBXFileReference; lastKnownFileType = sourcecode.swift; path = SewerProfilePageTemplate.swift; sourceTree = "<group>"; };
		0CD685F5225388B7009C9396 /* CollectionCellConfigurator.swift */ = {isa = PBXFileReference; lastKnownFileType = sourcecode.swift; path = CollectionCellConfigurator.swift; sourceTree = "<group>"; };
		0CD9E23D227C32E2009343A3 /* AppointmentDetailsViewController.swift */ = {isa = PBXFileReference; lastKnownFileType = sourcecode.swift; path = AppointmentDetailsViewController.swift; sourceTree = "<group>"; };
		0CD9E23F227C3C23009343A3 /* AppointmentDetailsCollectionView.swift */ = {isa = PBXFileReference; lastKnownFileType = sourcecode.swift; path = AppointmentDetailsCollectionView.swift; sourceTree = "<group>"; };
		0CD9E243227C3D46009343A3 /* AppointmentDetailsTemplate.swift */ = {isa = PBXFileReference; lastKnownFileType = sourcecode.swift; path = AppointmentDetailsTemplate.swift; sourceTree = "<group>"; };
		0CDA24AA226E595600A34AF2 /* ProductItemViewCell.swift */ = {isa = PBXFileReference; lastKnownFileType = sourcecode.swift; path = ProductItemViewCell.swift; sourceTree = "<group>"; };
		0CDA24AB226E595600A34AF2 /* ProductItemViewCell.xib */ = {isa = PBXFileReference; lastKnownFileType = file.xib; path = ProductItemViewCell.xib; sourceTree = "<group>"; };
		0CDA24AE226E7A5300A34AF2 /* AppointmentViewCell.swift */ = {isa = PBXFileReference; lastKnownFileType = sourcecode.swift; path = AppointmentViewCell.swift; sourceTree = "<group>"; };
		0CDA24AF226E7A5300A34AF2 /* AppointmentViewCell.xib */ = {isa = PBXFileReference; lastKnownFileType = file.xib; path = AppointmentViewCell.xib; sourceTree = "<group>"; };
		0CDA24B2226F093400A34AF2 /* PaymentMethodsViewCell.swift */ = {isa = PBXFileReference; lastKnownFileType = sourcecode.swift; path = PaymentMethodsViewCell.swift; sourceTree = "<group>"; };
		0CDA24B3226F093400A34AF2 /* PaymentMethodsViewCell.xib */ = {isa = PBXFileReference; lastKnownFileType = file.xib; path = PaymentMethodsViewCell.xib; sourceTree = "<group>"; };
		0CDA24B6226F18C800A34AF2 /* Customer.swift */ = {isa = PBXFileReference; lastKnownFileType = sourcecode.swift; path = Customer.swift; sourceTree = "<group>"; };
		0CDA24B8226F33B900A34AF2 /* PaymentItemViewCell.swift */ = {isa = PBXFileReference; lastKnownFileType = sourcecode.swift; path = PaymentItemViewCell.swift; sourceTree = "<group>"; };
		0CDA24B9226F33B900A34AF2 /* PaymentItemViewCell.xib */ = {isa = PBXFileReference; lastKnownFileType = file.xib; path = PaymentItemViewCell.xib; sourceTree = "<group>"; };
		0CDA24BE227067CA00A34AF2 /* PromoCodeViewCell.xib */ = {isa = PBXFileReference; lastKnownFileType = file.xib; path = PromoCodeViewCell.xib; sourceTree = "<group>"; };
		0CE0D7B72286E29E00D23FA6 /* ClothItemViewCell.swift */ = {isa = PBXFileReference; lastKnownFileType = sourcecode.swift; path = ClothItemViewCell.swift; sourceTree = "<group>"; };
		0CE0D7B82286E29E00D23FA6 /* ClothItemViewCell.xib */ = {isa = PBXFileReference; lastKnownFileType = file.xib; path = ClothItemViewCell.xib; sourceTree = "<group>"; };
		0CE0D7BC2286E3EF00D23FA6 /* ClothsListTableView.swift */ = {isa = PBXFileReference; lastKnownFileType = sourcecode.swift; path = ClothsListTableView.swift; sourceTree = "<group>"; };
		0CECB920228EA9500004C368 /* SewerCollectionView.swift */ = {isa = PBXFileReference; lastKnownFileType = sourcecode.swift; path = SewerCollectionView.swift; sourceTree = "<group>"; };
		0CFED2912257410200DDE166 /* DatePickerViewCell.swift */ = {isa = PBXFileReference; lastKnownFileType = sourcecode.swift; path = DatePickerViewCell.swift; sourceTree = "<group>"; };
		0CFED2922257410200DDE166 /* DatePickerViewCell.xib */ = {isa = PBXFileReference; lastKnownFileType = file.xib; path = DatePickerViewCell.xib; sourceTree = "<group>"; };
		0CFED297225754FC00DDE166 /* HourPickerViewCell.swift */ = {isa = PBXFileReference; lastKnownFileType = sourcecode.swift; path = HourPickerViewCell.swift; sourceTree = "<group>"; };
		0CFED298225754FC00DDE166 /* HourPickerViewCell.xib */ = {isa = PBXFileReference; lastKnownFileType = file.xib; path = HourPickerViewCell.xib; sourceTree = "<group>"; };
		0CFED29E225A92F000DDE166 /* DefaultText.swift */ = {isa = PBXFileReference; lastKnownFileType = sourcecode.swift; path = DefaultText.swift; sourceTree = "<group>"; };
		2E5C60DB2200B48E00DEA84A /* ClothsPickingViewController.swift */ = {isa = PBXFileReference; lastKnownFileType = sourcecode.swift; path = ClothsPickingViewController.swift; sourceTree = "<group>"; };
		2E5C60E42200D15600DEA84A /* ClothsList.swift */ = {isa = PBXFileReference; lastKnownFileType = sourcecode.swift; path = ClothsList.swift; sourceTree = "<group>"; };
		5591A3A22273509600DE342D /* PromoCodeViewCell.swift */ = {isa = PBXFileReference; lastKnownFileType = sourcecode.swift; path = PromoCodeViewCell.swift; sourceTree = "<group>"; };
/* End PBXFileReference section */

/* Begin PBXFrameworksBuildPhase section */
		0C57C40D21FC8AF7007343C7 /* Frameworks */ = {
			isa = PBXFrameworksBuildPhase;
			buildActionMask = 2147483647;
			files = (
			);
			runOnlyForDeploymentPostprocessing = 0;
		};
		0C57C42121FC8AF7007343C7 /* Frameworks */ = {
			isa = PBXFrameworksBuildPhase;
			buildActionMask = 2147483647;
			files = (
			);
			runOnlyForDeploymentPostprocessing = 0;
		};
/* End PBXFrameworksBuildPhase section */

/* Begin PBXGroup section */
		0C1095AE21FCA3F8004F742A /* Fonts */ = {
			isa = PBXGroup;
			children = (
				0C988BEC22404B510079727C /* Avenir-Black.ttf */,
				0C1B9384223A8B8400EC60B1 /* avenir-book.ttf */,
				0C1B9385223A8B8400EC60B1 /* FrankRuhlLibre-Black.ttf */,
				0C1B9383223A8B8400EC60B1 /* FrankRuhlLibre-Regular.ttf */,
			);
			path = Fonts;
			sourceTree = "<group>";
		};
		0C1095B821FCB7C1004F742A /* Helper */ = {
			isa = PBXGroup;
			children = (
				0C1095B921FCB7DA004F742A /* FontHelper.swift */,
				0C1095C121FF0434004F742A /* GradientHelper.swift */,
				0C93BA5422004E7300400BD2 /* CustomizeButtonHelper.swift */,
				0CD685F5225388B7009C9396 /* CollectionCellConfigurator.swift */,
				0C2290B5225BE88F009FBC9C /* CustomNavigationUIHelper.swift */,
				0C9CE33D225E9ECB004DF3DA /* CalendarHelper.swift */,
				0C9CE33F225F62A8004DF3DA /* CurrentDateHelper.swift */,
				0CB830282262945F00A689DB /* FormatStringHelper.swift */,
				0C9CE34122622300004DF3DA /* DatePickerHelper.swift */,
				0C0FB9B92285F4C700B3CF30 /* NavigationHelper.swift */,
			);
			path = Helper;
			sourceTree = "<group>";
		};
		0C1095BB21FCBC3C004F742A /* WelcomePage */ = {
			isa = PBXGroup;
			children = (
				0C57C43821FC8B3E007343C7 /* Views */,
			);
			path = WelcomePage;
			sourceTree = "<group>";
		};
		0C1095BE21FCBC75004F742A /* Views */ = {
			isa = PBXGroup;
			children = (
			);
			path = Views;
			sourceTree = "<group>";
		};
		0C10E3CE2279AE5B0070B353 /* AppointmentsListPage */ = {
			isa = PBXGroup;
			children = (
				0C10E3D12279AE870070B353 /* Extensions */,
				0C10E3D02279AE780070B353 /* Layouts */,
				0C10E3CF2279AE710070B353 /* Views */,
			);
			path = AppointmentsListPage;
			sourceTree = "<group>";
		};
		0C10E3CF2279AE710070B353 /* Views */ = {
			isa = PBXGroup;
			children = (
				0C10E3D22279AEF70070B353 /* AppointmentsListViewController.swift */,
			);
			path = Views;
			sourceTree = "<group>";
		};
		0C10E3D02279AE780070B353 /* Layouts */ = {
			isa = PBXGroup;
			children = (
				0C10E3DB227B01B50070B353 /* Header */,
				0C10E3DA227B01A50070B353 /* Tile */,
			);
			path = Layouts;
			sourceTree = "<group>";
		};
		0C10E3D12279AE870070B353 /* Extensions */ = {
			isa = PBXGroup;
			children = (
				0C10E3D42279B5F00070B353 /* AppointmentsListCollectionView.swift */,
			);
			path = Extensions;
			sourceTree = "<group>";
		};
		0C10E3DA227B01A50070B353 /* Tile */ = {
			isa = PBXGroup;
			children = (
				0C10E3D62279BAB50070B353 /* AppointmentTileViewCell.swift */,
				0C10E3D72279BAB50070B353 /* AppointmentTileViewCell.xib */,
			);
			path = Tile;
			sourceTree = "<group>";
		};
		0C10E3DB227B01B50070B353 /* Header */ = {
			isa = PBXGroup;
			children = (
				0C10E3DE227B2F7A0070B353 /* AppointmentStatusLabel.swift */,
			);
			path = Header;
			sourceTree = "<group>";
		};
		0C1B937A223A895100EC60B1 /* SewersPage */ = {
			isa = PBXGroup;
			children = (
				0CECB91F228EA92E0004C368 /* Extensions */,
				0C1B937C223A896D00EC60B1 /* Views */,
				0C1B937B223A896500EC60B1 /* Layouts */,
				0C1B9381223A8A0900EC60B1 /* Sewer.swift */,
			);
			name = SewersPage;
			path = "New Group";
			sourceTree = "<group>";
		};
		0C1B937B223A896500EC60B1 /* Layouts */ = {
			isa = PBXGroup;
			children = (
				0C1B937F223A89E900EC60B1 /* SewerViewCell.swift */,
			);
			path = Layouts;
			sourceTree = "<group>";
		};
		0C1B937C223A896D00EC60B1 /* Views */ = {
			isa = PBXGroup;
			children = (
				0C1B937D223A89A000EC60B1 /* SewersViewController.swift */,
			);
			path = Views;
			sourceTree = "<group>";
		};
		0C1B9389223A9D6600EC60B1 /* SewerProfilePage */ = {
			isa = PBXGroup;
			children = (
				0CD685F822539C78009C9396 /* Template */,
				0C60F22C2249639700E4B5F2 /* Data */,
				0C60F22722483A9600E4B5F2 /* Layouts */,
				0C1B938B223A9DAC00EC60B1 /* Views */,
			);
			path = SewerProfilePage;
			sourceTree = "<group>";
		};
		0C1B938B223A9DAC00EC60B1 /* Views */ = {
			isa = PBXGroup;
			children = (
				0C60F22F224AA24D00E4B5F2 /* SewerProfileViewController.swift */,
			);
			path = Views;
			sourceTree = "<group>";
		};
		0C218962225601B80011DA45 /* SewerAvailabilityPage */ = {
			isa = PBXGroup;
			children = (
				0C6DAE5B22664BB300DCB077 /* Data */,
				0CB8302A226321EA00A689DB /* Extensions */,
				0CFED290225740D400DDE166 /* Layouts */,
				0C218965225601DC0011DA45 /* Views */,
			);
			path = SewerAvailabilityPage;
			sourceTree = "<group>";
		};
		0C218965225601DC0011DA45 /* Views */ = {
			isa = PBXGroup;
			children = (
				0C218966225602150011DA45 /* SewerAvailabilityViewController.swift */,
			);
			path = Views;
			sourceTree = "<group>";
		};
		0C47D4A022872117005249AA /* WorksByClothPage */ = {
			isa = PBXGroup;
			children = (
				0CBC129D228A027900E7985D /* Data */,
				0C47D4A722881E64005249AA /* Layouts */,
				0C47D4A422881BD6005249AA /* Extensions */,
				0C47D4A12287212F005249AA /* Views */,
			);
			path = WorksByClothPage;
			sourceTree = "<group>";
		};
		0C47D4A12287212F005249AA /* Views */ = {
			isa = PBXGroup;
			children = (
				0C47D4A222872329005249AA /* WorksByClothViewController.swift */,
			);
			path = Views;
			sourceTree = "<group>";
		};
		0C47D4A422881BD6005249AA /* Extensions */ = {
			isa = PBXGroup;
			children = (
				0C47D4A522881BFD005249AA /* WorksByClothCollectionView.swift */,
			);
			path = Extensions;
			sourceTree = "<group>";
		};
		0C47D4A722881E64005249AA /* Layouts */ = {
			isa = PBXGroup;
			children = (
				0C47D4A8228820FE005249AA /* ClothDetailsViewCell.swift */,
				0C47D4A9228820FE005249AA /* ClothDetailsViewCell.xib */,
				0CBC128D2289C1E800E7985D /* WorksDropdownItemViewCell.swift */,
				0CBC128E2289C1E800E7985D /* WorksDropdownItemViewCell.xib */,
				0CBC12992289C96600E7985D /* WorkChoiceItemViewCell.swift */,
				0CBC129A2289C96600E7985D /* WorkChoiceItemViewCell.xib */,
			);
			path = Layouts;
			sourceTree = "<group>";
		};
		0C57C40721FC8AF7007343C7 = {
			isa = PBXGroup;
			children = (
				0C57C41221FC8AF7007343C7 /* Eazip */,
				0C57C42721FC8AF7007343C7 /* EazipTests */,
				0C57C41121FC8AF7007343C7 /* Products */,
			);
			sourceTree = "<group>";
		};
		0C57C41121FC8AF7007343C7 /* Products */ = {
			isa = PBXGroup;
			children = (
				0C57C41021FC8AF7007343C7 /* Eazip.app */,
				0C57C42421FC8AF7007343C7 /* EazipTests.xctest */,
			);
			name = Products;
			sourceTree = "<group>";
		};
		0C57C41221FC8AF7007343C7 /* Eazip */ = {
			isa = PBXGroup;
			children = (
				0C57C43D21FC8C1D007343C7 /* Resources */,
				0C57C43421FC8B0D007343C7 /* Classes */,
				0C57C41321FC8AF7007343C7 /* AppDelegate.swift */,
				0C57C41C21FC8AF7007343C7 /* LaunchScreen.storyboard */,
				0C57C41721FC8AF7007343C7 /* Main.storyboard */,
				0C57C41F21FC8AF7007343C7 /* Info.plist */,
			);
			path = Eazip;
			sourceTree = "<group>";
		};
		0C57C42721FC8AF7007343C7 /* EazipTests */ = {
			isa = PBXGroup;
			children = (
				0C57C42821FC8AF7007343C7 /* EazipTests.swift */,
				0C57C42A21FC8AF7007343C7 /* Info.plist */,
			);
			path = EazipTests;
			sourceTree = "<group>";
		};
		0C57C43321FC8B07007343C7 /* UI */ = {
			isa = PBXGroup;
			children = (
				0C57C43621FC8B2C007343C7 /* UIPages */,
				0C57C43521FC8B1D007343C7 /* UIComponents */,
			);
			path = UI;
			sourceTree = "<group>";
		};
		0C57C43421FC8B0D007343C7 /* Classes */ = {
			isa = PBXGroup;
			children = (
				0C1095B821FCB7C1004F742A /* Helper */,
				0C57C43321FC8B07007343C7 /* UI */,
			);
			path = Classes;
			sourceTree = "<group>";
		};
		0C57C43521FC8B1D007343C7 /* UIComponents */ = {
			isa = PBXGroup;
			children = (
				0C1095B121FCA454004F742A /* EazipLabel.swift */,
				0C93BA562200523C00400BD2 /* ColoredActionButton.swift */,
				0C988BEA223EF9FD0079727C /* DefaultLightText.swift */,
				0C988BF02245A8A70079727C /* LightLabel.swift */,
				0C93BA582200535500400BD2 /* WhiteActionButton.swift */,
				0C60F22A2248408F00E4B5F2 /* BoldLabel.swift */,
				0CFED29E225A92F000DDE166 /* DefaultText.swift */,
				0C2290B7225BEAE8009FBC9C /* NavigationNextLabel.swift */,
				0C8CA46822798B0200CEEA65 /* DefaultNavigation.swift */,
				0C0FB9B42284D6F500B3CF30 /* GradientView.swift */,
			);
			path = UIComponents;
			sourceTree = "<group>";
		};
		0C57C43621FC8B2C007343C7 /* UIPages */ = {
			isa = PBXGroup;
			children = (
				0C47D4A022872117005249AA /* WorksByClothPage */,
				0CD9E23B227C3230009343A3 /* AppointmentDetailsPage */,
				0C10E3CE2279AE5B0070B353 /* AppointmentsListPage */,
				0C6DB8C62266F77C00F1020C /* ConfirmAppointmentPage */,
				0C218962225601B80011DA45 /* SewerAvailabilityPage */,
				0C1B9389223A9D6600EC60B1 /* SewerProfilePage */,
				0C1B937A223A895100EC60B1 /* SewersPage */,
				2E5C60D72200B43700DEA84A /* ClothPickingPage */,
				0C1095BB21FCBC3C004F742A /* WelcomePage */,
				0C57C43721FC8B34007343C7 /* LoginPage */,
			);
			path = UIPages;
			sourceTree = "<group>";
		};
		0C57C43721FC8B34007343C7 /* LoginPage */ = {
			isa = PBXGroup;
			children = (
				0C1095BE21FCBC75004F742A /* Views */,
				0C1095BC21FCBC6D004F742A /* LoginPageController.swift */,
			);
			path = LoginPage;
			sourceTree = "<group>";
		};
		0C57C43821FC8B3E007343C7 /* Views */ = {
			isa = PBXGroup;
			children = (
				0C1095BF21FCBC99004F742A /* WelcomePageController.swift */,
			);
			path = Views;
			sourceTree = "<group>";
		};
		0C57C43D21FC8C1D007343C7 /* Resources */ = {
			isa = PBXGroup;
			children = (
				0C1095AE21FCA3F8004F742A /* Fonts */,
				0C57C43E21FC8C26007343C7 /* Assets */,
			);
			path = Resources;
			sourceTree = "<group>";
		};
		0C57C43E21FC8C26007343C7 /* Assets */ = {
			isa = PBXGroup;
			children = (
				0C57C44121FC8C67007343C7 /* Assets.xcassets */,
				0C1B9390223BD72500EC60B1 /* Colors.xcassets */,
			);
			path = Assets;
			sourceTree = "<group>";
		};
		0C60F22722483A9600E4B5F2 /* Layouts */ = {
			isa = PBXGroup;
			children = (
				0CD685F7225395BB009C9396 /* Header */,
				0C60F237224AD95D00E4B5F2 /* Reviews */,
				0C60F235224AD5B200E4B5F2 /* LastWorks */,
				0C60F233224AD57000E4B5F2 /* Picture */,
				0C60F234224AD57B00E4B5F2 /* Biography */,
			);
			path = Layouts;
			sourceTree = "<group>";
		};
		0C60F22C2249639700E4B5F2 /* Data */ = {
			isa = PBXGroup;
			children = (
				0C60F22D224963B500E4B5F2 /* SewerReview.swift */,
				0C60F231224AA65500E4B5F2 /* SewerProfile.swift */,
			);
			path = Data;
			sourceTree = "<group>";
		};
		0C60F233224AD57000E4B5F2 /* Picture */ = {
			isa = PBXGroup;
			children = (
				0C60F238224ADBC300E4B5F2 /* PictureViewCell.swift */,
				0C60F239224ADBC300E4B5F2 /* PictureViewCell.xib */,
			);
			path = Picture;
			sourceTree = "<group>";
		};
		0C60F234224AD57B00E4B5F2 /* Biography */ = {
			isa = PBXGroup;
			children = (
				0C60F23C224AFB3900E4B5F2 /* DescriptionViewCell.swift */,
				0C60F23D224AFB3900E4B5F2 /* DescriptionViewCell.xib */,
			);
			path = Biography;
			sourceTree = "<group>";
		};
		0C60F235224AD5B200E4B5F2 /* LastWorks */ = {
			isa = PBXGroup;
			children = (
				0C60F247224E9CEF00E4B5F2 /* LastWorksViewCell.swift */,
				0C60F248224E9CEF00E4B5F2 /* LastWorksViewCell.xib */,
			);
			path = LastWorks;
			sourceTree = "<group>";
		};
		0C60F237224AD95D00E4B5F2 /* Reviews */ = {
			isa = PBXGroup;
			children = (
				0C60F240224BED2200E4B5F2 /* ReviewViewCell.swift */,
				0C60F241224BED2200E4B5F2 /* ReviewViewCell.xib */,
			);
			path = Reviews;
			sourceTree = "<group>";
		};
		0C6DAE5B22664BB300DCB077 /* Data */ = {
			isa = PBXGroup;
			children = (
				0C6DAE5C22664BE500DCB077 /* HoursToDisplay.swift */,
			);
			path = Data;
			sourceTree = "<group>";
		};
		0C6DB8C62266F77C00F1020C /* ConfirmAppointmentPage */ = {
			isa = PBXGroup;
			children = (
				0C6DB8E3226E3F3700F1020C /* Template */,
				0C6DB8DE226A5C3E00F1020C /* Data */,
				0C6DB8C92266F7A300F1020C /* Extensions */,
				0C6DB8C82266F79A00F1020C /* Layouts */,
				0C6DB8C72266F79000F1020C /* Views */,
			);
			path = ConfirmAppointmentPage;
			sourceTree = "<group>";
		};
		0C6DB8C72266F79000F1020C /* Views */ = {
			isa = PBXGroup;
			children = (
				0C6DB8CA2266F80900F1020C /* ConfirmAppointmentViewController.swift */,
			);
			path = Views;
			sourceTree = "<group>";
		};
		0C6DB8C82266F79A00F1020C /* Layouts */ = {
			isa = PBXGroup;
			children = (
				0CDA24BC2270672500A34AF2 /* PromoCode */,
				0C6DB8D322690D3700F1020C /* Payment */,
				0C6DB8D222690CF800F1020C /* Appointment */,
				0C6DB8D122690CEC00F1020C /* Products */,
				0C6DB8D022690A8000F1020C /* Sewer */,
			);
			path = Layouts;
			sourceTree = "<group>";
		};
		0C6DB8C92266F7A300F1020C /* Extensions */ = {
			isa = PBXGroup;
			children = (
				0C6DB8D422690E6600F1020C /* AppointmentCollectionView.swift */,
			);
			path = Extensions;
			sourceTree = "<group>";
		};
		0C6DB8D022690A8000F1020C /* Sewer */ = {
			isa = PBXGroup;
			children = (
				0C6DB8CC22690A7600F1020C /* SewerProfileShortViewCell.swift */,
				0C6DB8CD22690A7600F1020C /* SewerProfileShortViewCell.xib */,
			);
			path = Sewer;
			sourceTree = "<group>";
		};
		0C6DB8D122690CEC00F1020C /* Products */ = {
			isa = PBXGroup;
			children = (
				0C6DB8D6226A2B1D00F1020C /* ProductsDetailsViewCell.swift */,
				0C6DB8D7226A2B1D00F1020C /* ProductsDetailsViewCell.xib */,
				0CDA24AA226E595600A34AF2 /* ProductItemViewCell.swift */,
				0CDA24AB226E595600A34AF2 /* ProductItemViewCell.xib */,
			);
			path = Products;
			sourceTree = "<group>";
		};
		0C6DB8D222690CF800F1020C /* Appointment */ = {
			isa = PBXGroup;
			children = (
				0CDA24AE226E7A5300A34AF2 /* AppointmentViewCell.swift */,
				0CDA24AF226E7A5300A34AF2 /* AppointmentViewCell.xib */,
			);
			path = Appointment;
			sourceTree = "<group>";
		};
		0C6DB8D322690D3700F1020C /* Payment */ = {
			isa = PBXGroup;
			children = (
				0CDA24B2226F093400A34AF2 /* PaymentMethodsViewCell.swift */,
				0CDA24B3226F093400A34AF2 /* PaymentMethodsViewCell.xib */,
				0CDA24B8226F33B900A34AF2 /* PaymentItemViewCell.swift */,
				0CDA24B9226F33B900A34AF2 /* PaymentItemViewCell.xib */,
			);
			path = Payment;
			sourceTree = "<group>";
		};
		0C6DB8DE226A5C3E00F1020C /* Data */ = {
			isa = PBXGroup;
			children = (
				0C6DB8DF226A5D4F00F1020C /* Product.swift */,
				0C6DB8E1226E299100F1020C /* TodoProduct.swift */,
				0C6DB8E6226E435E00F1020C /* Appointment.swift */,
				0CDA24B6226F18C800A34AF2 /* Customer.swift */,
			);
			path = Data;
			sourceTree = "<group>";
		};
		0C6DB8E3226E3F3700F1020C /* Template */ = {
			isa = PBXGroup;
			children = (
				0C6DB8E4226E3F8800F1020C /* ConfirmScreenTemplate.swift */,
			);
			path = Template;
			sourceTree = "<group>";
		};
		0CB8302A226321EA00A689DB /* Extensions */ = {
			isa = PBXGroup;
			children = (
				0CB8302B226463D100A689DB /* DatePickerCollectionView.swift */,
				0CB8302D2264652F00A689DB /* HourPickerTableView.swift */,
			);
			path = Extensions;
			sourceTree = "<group>";
		};
		0CBC129D228A027900E7985D /* Data */ = {
			isa = PBXGroup;
			children = (
				0CBC129E228A02AB00E7985D /* Cloth.swift */,
			);
			path = Data;
			sourceTree = "<group>";
		};
		0CD685F7225395BB009C9396 /* Header */ = {
			isa = PBXGroup;
			children = (
				0C60F245224E41EB00E4B5F2 /* ProfileSectionTitle.swift */,
			);
			path = Header;
			sourceTree = "<group>";
		};
		0CD685F822539C78009C9396 /* Template */ = {
			isa = PBXGroup;
			children = (
				0CD685EF22534E03009C9396 /* SewerProfilePageTemplate.swift */,
			);
			path = Template;
			sourceTree = "<group>";
		};
		0CD9E23B227C3230009343A3 /* AppointmentDetailsPage */ = {
			isa = PBXGroup;
			children = (
				0CD9E242227C3CBE009343A3 /* Template */,
				0CD9E241227C3C49009343A3 /* Extensions */,
				0CD9E23C227C3285009343A3 /* Views */,
			);
			path = AppointmentDetailsPage;
			sourceTree = "<group>";
		};
		0CD9E23C227C3285009343A3 /* Views */ = {
			isa = PBXGroup;
			children = (
				0CD9E23D227C32E2009343A3 /* AppointmentDetailsViewController.swift */,
			);
			path = Views;
			sourceTree = "<group>";
		};
		0CD9E241227C3C49009343A3 /* Extensions */ = {
			isa = PBXGroup;
			children = (
				0CD9E23F227C3C23009343A3 /* AppointmentDetailsCollectionView.swift */,
			);
			path = Extensions;
			sourceTree = "<group>";
		};
		0CD9E242227C3CBE009343A3 /* Template */ = {
			isa = PBXGroup;
			children = (
				0CD9E243227C3D46009343A3 /* AppointmentDetailsTemplate.swift */,
			);
			path = Template;
			sourceTree = "<group>";
		};
		0CDA24BC2270672500A34AF2 /* PromoCode */ = {
			isa = PBXGroup;
			children = (
				0CDA24BE227067CA00A34AF2 /* PromoCodeViewCell.xib */,
				5591A3A22273509600DE342D /* PromoCodeViewCell.swift */,
			);
			path = PromoCode;
			sourceTree = "<group>";
		};
		0CE0D7B62286E23E00D23FA6 /* Layouts */ = {
			isa = PBXGroup;
			children = (
				0CE0D7B82286E29E00D23FA6 /* ClothItemViewCell.xib */,
				0CE0D7B72286E29E00D23FA6 /* ClothItemViewCell.swift */,
			);
			path = Layouts;
			sourceTree = "<group>";
		};
		0CE0D7BB2286E3D600D23FA6 /* Extensions */ = {
			isa = PBXGroup;
			children = (
				0CE0D7BC2286E3EF00D23FA6 /* ClothsListTableView.swift */,
			);
			path = Extensions;
			sourceTree = "<group>";
		};
		0CECB91F228EA92E0004C368 /* Extensions */ = {
			isa = PBXGroup;
			children = (
				0CECB920228EA9500004C368 /* SewerCollectionView.swift */,
			);
			path = Extensions;
			sourceTree = "<group>";
		};
		0CFED290225740D400DDE166 /* Layouts */ = {
			isa = PBXGroup;
			children = (
				0CFED296225754A500DDE166 /* Hour */,
				0CFED2952257549700DDE166 /* Date */,
			);
			path = Layouts;
			sourceTree = "<group>";
		};
		0CFED2952257549700DDE166 /* Date */ = {
			isa = PBXGroup;
			children = (
				0CFED2912257410200DDE166 /* DatePickerViewCell.swift */,
				0CFED2922257410200DDE166 /* DatePickerViewCell.xib */,
			);
			path = Date;
			sourceTree = "<group>";
		};
		0CFED296225754A500DDE166 /* Hour */ = {
			isa = PBXGroup;
			children = (
				0CFED297225754FC00DDE166 /* HourPickerViewCell.swift */,
				0CFED298225754FC00DDE166 /* HourPickerViewCell.xib */,
			);
			path = Hour;
			sourceTree = "<group>";
		};
		2E5C60D72200B43700DEA84A /* ClothPickingPage */ = {
			isa = PBXGroup;
			children = (
				0CE0D7BB2286E3D600D23FA6 /* Extensions */,
				0CE0D7B62286E23E00D23FA6 /* Layouts */,
				2E5C60E32200D12400DEA84A /* Data */,
				2E5C60DA2200B47600DEA84A /* Views */,
			);
			path = ClothPickingPage;
			sourceTree = "<group>";
		};
		2E5C60DA2200B47600DEA84A /* Views */ = {
			isa = PBXGroup;
			children = (
				2E5C60DB2200B48E00DEA84A /* ClothsPickingViewController.swift */,
			);
			path = Views;
			sourceTree = "<group>";
		};
		2E5C60E32200D12400DEA84A /* Data */ = {
			isa = PBXGroup;
			children = (
				2E5C60E42200D15600DEA84A /* ClothsList.swift */,
			);
			path = Data;
			sourceTree = "<group>";
		};
/* End PBXGroup section */

/* Begin PBXNativeTarget section */
		0C57C40F21FC8AF7007343C7 /* Eazip */ = {
			isa = PBXNativeTarget;
			buildConfigurationList = 0C57C42D21FC8AF7007343C7 /* Build configuration list for PBXNativeTarget "Eazip" */;
			buildPhases = (
				0C57C40C21FC8AF7007343C7 /* Sources */,
				0C57C40D21FC8AF7007343C7 /* Frameworks */,
				0C57C40E21FC8AF7007343C7 /* Resources */,
			);
			buildRules = (
			);
			dependencies = (
			);
			name = Eazip;
			productName = Eazip;
			productReference = 0C57C41021FC8AF7007343C7 /* Eazip.app */;
			productType = "com.apple.product-type.application";
		};
		0C57C42321FC8AF7007343C7 /* EazipTests */ = {
			isa = PBXNativeTarget;
			buildConfigurationList = 0C57C43021FC8AF7007343C7 /* Build configuration list for PBXNativeTarget "EazipTests" */;
			buildPhases = (
				0C57C42021FC8AF7007343C7 /* Sources */,
				0C57C42121FC8AF7007343C7 /* Frameworks */,
				0C57C42221FC8AF7007343C7 /* Resources */,
			);
			buildRules = (
			);
			dependencies = (
				0C57C42621FC8AF7007343C7 /* PBXTargetDependency */,
			);
			name = EazipTests;
			productName = EazipTests;
			productReference = 0C57C42421FC8AF7007343C7 /* EazipTests.xctest */;
			productType = "com.apple.product-type.bundle.unit-test";
		};
/* End PBXNativeTarget section */

/* Begin PBXProject section */
		0C57C40821FC8AF7007343C7 /* Project object */ = {
			isa = PBXProject;
			attributes = {
				LastSwiftUpdateCheck = 0920;
				LastUpgradeCheck = 0920;
				ORGANIZATIONNAME = Eazip;
				TargetAttributes = {
					0C57C40F21FC8AF7007343C7 = {
						CreatedOnToolsVersion = 9.2;
						ProvisioningStyle = Automatic;
					};
					0C57C42321FC8AF7007343C7 = {
						CreatedOnToolsVersion = 9.2;
						ProvisioningStyle = Automatic;
						TestTargetID = 0C57C40F21FC8AF7007343C7;
					};
				};
			};
			buildConfigurationList = 0C57C40B21FC8AF7007343C7 /* Build configuration list for PBXProject "Eazip" */;
			compatibilityVersion = "Xcode 8.0";
			developmentRegion = en;
			hasScannedForEncodings = 0;
			knownRegions = (
				en,
				Base,
			);
			mainGroup = 0C57C40721FC8AF7007343C7;
			productRefGroup = 0C57C41121FC8AF7007343C7 /* Products */;
			projectDirPath = "";
			projectRoot = "";
			targets = (
				0C57C40F21FC8AF7007343C7 /* Eazip */,
				0C57C42321FC8AF7007343C7 /* EazipTests */,
			);
		};
/* End PBXProject section */

/* Begin PBXResourcesBuildPhase section */
		0C57C40E21FC8AF7007343C7 /* Resources */ = {
			isa = PBXResourcesBuildPhase;
			buildActionMask = 2147483647;
			files = (
				0CDA24B1226E7A5300A34AF2 /* AppointmentViewCell.xib in Resources */,
				0CFED29A225754FC00DDE166 /* HourPickerViewCell.xib in Resources */,
				0C60F23B224ADBC300E4B5F2 /* PictureViewCell.xib in Resources */,
				0C60F23F224AFB3900E4B5F2 /* DescriptionViewCell.xib in Resources */,
				0C47D4AB228820FE005249AA /* ClothDetailsViewCell.xib in Resources */,
				0CDA24B5226F093400A34AF2 /* PaymentMethodsViewCell.xib in Resources */,
				0C60F243224BED2200E4B5F2 /* ReviewViewCell.xib in Resources */,
				0C60F24A224E9CEF00E4B5F2 /* LastWorksViewCell.xib in Resources */,
				0CFED2942257410200DDE166 /* DatePickerViewCell.xib in Resources */,
				0CDA24BB226F33B900A34AF2 /* PaymentItemViewCell.xib in Resources */,
				0C6DB8CF22690A7600F1020C /* SewerProfileShortViewCell.xib in Resources */,
				0CDA24AD226E595600A34AF2 /* ProductItemViewCell.xib in Resources */,
				0C1B9386223A8B8400EC60B1 /* FrankRuhlLibre-Regular.ttf in Resources */,
				0C1B9388223A8B8400EC60B1 /* FrankRuhlLibre-Black.ttf in Resources */,
				0C1B9387223A8B8400EC60B1 /* avenir-book.ttf in Resources */,
				0C988BED22404B510079727C /* Avenir-Black.ttf in Resources */,
				0CDA24C0227067CA00A34AF2 /* PromoCodeViewCell.xib in Resources */,
				0C10E3D92279BAB50070B353 /* AppointmentTileViewCell.xib in Resources */,
				0C57C41E21FC8AF7007343C7 /* LaunchScreen.storyboard in Resources */,
				0C57C41921FC8AF7007343C7 /* Main.storyboard in Resources */,
				0C57C44221FC8C67007343C7 /* Assets.xcassets in Resources */,
				0C6DB8D9226A2B1D00F1020C /* ProductsDetailsViewCell.xib in Resources */,
				0C1B9391223BD72500EC60B1 /* Colors.xcassets in Resources */,
				0CBC129C2289C96600E7985D /* WorkChoiceItemViewCell.xib in Resources */,
				0CE0D7BA2286E29E00D23FA6 /* ClothItemViewCell.xib in Resources */,
				0CBC12902289C1E800E7985D /* WorksDropdownItemViewCell.xib in Resources */,
			);
			runOnlyForDeploymentPostprocessing = 0;
		};
		0C57C42221FC8AF7007343C7 /* Resources */ = {
			isa = PBXResourcesBuildPhase;
			buildActionMask = 2147483647;
			files = (
			);
			runOnlyForDeploymentPostprocessing = 0;
		};
/* End PBXResourcesBuildPhase section */

/* Begin PBXSourcesBuildPhase section */
		0C57C40C21FC8AF7007343C7 /* Sources */ = {
			isa = PBXSourcesBuildPhase;
			buildActionMask = 2147483647;
			files = (
				0C6DB8D522690E6600F1020C /* AppointmentCollectionView.swift in Sources */,
				0C218967225602150011DA45 /* SewerAvailabilityViewController.swift in Sources */,
				0C1B937E223A89A000EC60B1 /* SewersViewController.swift in Sources */,
				0C2290B8225BEAE8009FBC9C /* NavigationNextLabel.swift in Sources */,
				0C0FB9B52284D6F500B3CF30 /* GradientView.swift in Sources */,
				0C0FB9BA2285F4C700B3CF30 /* NavigationHelper.swift in Sources */,
				0C1095BA21FCB7DA004F742A /* FontHelper.swift in Sources */,
				0CD9E240227C3C23009343A3 /* AppointmentDetailsCollectionView.swift in Sources */,
				0C1095B221FCA454004F742A /* EazipLabel.swift in Sources */,
				0C1B9382223A8A0900EC60B1 /* Sewer.swift in Sources */,
				0C10E3D82279BAB50070B353 /* AppointmentTileViewCell.swift in Sources */,
				0C1095BD21FCBC6D004F742A /* LoginPageController.swift in Sources */,
				0C1095C021FCBC99004F742A /* WelcomePageController.swift in Sources */,
				5591A3A32273509600DE342D /* PromoCodeViewCell.swift in Sources */,
				0CDA24B0226E7A5300A34AF2 /* AppointmentViewCell.swift in Sources */,
				0CB830292262945F00A689DB /* FormatStringHelper.swift in Sources */,
				0CBC129F228A02AB00E7985D /* Cloth.swift in Sources */,
				0CDA24AC226E595600A34AF2 /* ProductItemViewCell.swift in Sources */,
				0C988BEB223EF9FD0079727C /* DefaultLightText.swift in Sources */,
				0CB8302E2264652F00A689DB /* HourPickerTableView.swift in Sources */,
				0C988BF12245A8A70079727C /* LightLabel.swift in Sources */,
				0C2290B6225BE88F009FBC9C /* CustomNavigationUIHelper.swift in Sources */,
				0C10E3D52279B5F00070B353 /* AppointmentsListCollectionView.swift in Sources */,
				0C60F232224AA65500E4B5F2 /* SewerProfile.swift in Sources */,
				0CBC129B2289C96600E7985D /* WorkChoiceItemViewCell.swift in Sources */,
				0CBC128F2289C1E800E7985D /* WorksDropdownItemViewCell.swift in Sources */,
				0C60F242224BED2200E4B5F2 /* ReviewViewCell.swift in Sources */,
				0CFED2932257410200DDE166 /* DatePickerViewCell.swift in Sources */,
				0C47D4AA228820FE005249AA /* ClothDetailsViewCell.swift in Sources */,
				0CDA24B4226F093400A34AF2 /* PaymentMethodsViewCell.swift in Sources */,
				0CD685F022534E03009C9396 /* SewerProfilePageTemplate.swift in Sources */,
				0C6DB8E7226E435E00F1020C /* Appointment.swift in Sources */,
				0C60F23E224AFB3900E4B5F2 /* DescriptionViewCell.swift in Sources */,
				0C6DB8D8226A2B1D00F1020C /* ProductsDetailsViewCell.swift in Sources */,
				0CFED299225754FC00DDE166 /* HourPickerViewCell.swift in Sources */,
				0C60F230224AA24D00E4B5F2 /* SewerProfileViewController.swift in Sources */,
				0C60F22B2248408F00E4B5F2 /* BoldLabel.swift in Sources */,
				0C9CE33E225E9ECB004DF3DA /* CalendarHelper.swift in Sources */,
				0C60F246224E41EB00E4B5F2 /* ProfileSectionTitle.swift in Sources */,
				0C47D4A322872329005249AA /* WorksByClothViewController.swift in Sources */,
				0C8CA46922798B0200CEEA65 /* DefaultNavigation.swift in Sources */,
				0C6DB8E2226E299100F1020C /* TodoProduct.swift in Sources */,
				0CD9E244227C3D46009343A3 /* AppointmentDetailsTemplate.swift in Sources */,
				0C10E3D32279AEF70070B353 /* AppointmentsListViewController.swift in Sources */,
				0C93BA592200535500400BD2 /* WhiteActionButton.swift in Sources */,
				0CE0D7BD2286E3EF00D23FA6 /* ClothsListTableView.swift in Sources */,
				0CECB921228EA9500004C368 /* SewerCollectionView.swift in Sources */,
				0C6DB8CE22690A7600F1020C /* SewerProfileShortViewCell.swift in Sources */,
				0C60F23A224ADBC300E4B5F2 /* PictureViewCell.swift in Sources */,
				0C1095C221FF0434004F742A /* GradientHelper.swift in Sources */,
				0CE0D7B92286E29E00D23FA6 /* ClothItemViewCell.swift in Sources */,
				2E5C60DC2200B48E00DEA84A /* ClothsPickingViewController.swift in Sources */,
				0C60F22E224963B500E4B5F2 /* SewerReview.swift in Sources */,
				2E5C60E52200D15600DEA84A /* ClothsList.swift in Sources */,
				0C93BA5522004E7300400BD2 /* CustomizeButtonHelper.swift in Sources */,
				0CD685F6225388B7009C9396 /* CollectionCellConfigurator.swift in Sources */,
				0CDA24B7226F18C800A34AF2 /* Customer.swift in Sources */,
				0C6DAE5D22664BE500DCB077 /* HoursToDisplay.swift in Sources */,
				0C93BA572200523C00400BD2 /* ColoredActionButton.swift in Sources */,
				0C9CE340225F62A8004DF3DA /* CurrentDateHelper.swift in Sources */,
				0CD9E23E227C32E2009343A3 /* AppointmentDetailsViewController.swift in Sources */,
				0C6DB8CB2266F80900F1020C /* ConfirmAppointmentViewController.swift in Sources */,
				0C6DB8E5226E3F8800F1020C /* ConfirmScreenTemplate.swift in Sources */,
				0C60F249224E9CEF00E4B5F2 /* LastWorksViewCell.swift in Sources */,
				0C57C41421FC8AF7007343C7 /* AppDelegate.swift in Sources */,
				0CFED29F225A92F000DDE166 /* DefaultText.swift in Sources */,
				0C10E3DF227B2F7A0070B353 /* AppointmentStatusLabel.swift in Sources */,
				0C47D4A622881BFD005249AA /* WorksByClothCollectionView.swift in Sources */,
				0C1B9380223A89E900EC60B1 /* SewerViewCell.swift in Sources */,
				0CB8302C226463D100A689DB /* DatePickerCollectionView.swift in Sources */,
				0C9CE34222622300004DF3DA /* DatePickerHelper.swift in Sources */,
				0CDA24BA226F33B900A34AF2 /* PaymentItemViewCell.swift in Sources */,
				0C6DB8E0226A5D4F00F1020C /* Product.swift in Sources */,
			);
			runOnlyForDeploymentPostprocessing = 0;
		};
		0C57C42021FC8AF7007343C7 /* Sources */ = {
			isa = PBXSourcesBuildPhase;
			buildActionMask = 2147483647;
			files = (
				0C57C42921FC8AF7007343C7 /* EazipTests.swift in Sources */,
			);
			runOnlyForDeploymentPostprocessing = 0;
		};
/* End PBXSourcesBuildPhase section */

/* Begin PBXTargetDependency section */
		0C57C42621FC8AF7007343C7 /* PBXTargetDependency */ = {
			isa = PBXTargetDependency;
			target = 0C57C40F21FC8AF7007343C7 /* Eazip */;
			targetProxy = 0C57C42521FC8AF7007343C7 /* PBXContainerItemProxy */;
		};
/* End PBXTargetDependency section */

/* Begin PBXVariantGroup section */
		0C57C41721FC8AF7007343C7 /* Main.storyboard */ = {
			isa = PBXVariantGroup;
			children = (
				0C57C41821FC8AF7007343C7 /* Base */,
			);
			name = Main.storyboard;
			sourceTree = "<group>";
		};
		0C57C41C21FC8AF7007343C7 /* LaunchScreen.storyboard */ = {
			isa = PBXVariantGroup;
			children = (
				0C57C41D21FC8AF7007343C7 /* Base */,
			);
			name = LaunchScreen.storyboard;
			sourceTree = "<group>";
		};
/* End PBXVariantGroup section */

/* Begin XCBuildConfiguration section */
		0C57C42B21FC8AF7007343C7 /* Debug */ = {
			isa = XCBuildConfiguration;
			buildSettings = {
				ALWAYS_SEARCH_USER_PATHS = NO;
				CLANG_ANALYZER_NONNULL = YES;
				CLANG_ANALYZER_NUMBER_OBJECT_CONVERSION = YES_AGGRESSIVE;
				CLANG_CXX_LANGUAGE_STANDARD = "gnu++14";
				CLANG_CXX_LIBRARY = "libc++";
				CLANG_ENABLE_MODULES = YES;
				CLANG_ENABLE_OBJC_ARC = YES;
				CLANG_WARN_BLOCK_CAPTURE_AUTORELEASING = YES;
				CLANG_WARN_BOOL_CONVERSION = YES;
				CLANG_WARN_COMMA = YES;
				CLANG_WARN_CONSTANT_CONVERSION = YES;
				CLANG_WARN_DIRECT_OBJC_ISA_USAGE = YES_ERROR;
				CLANG_WARN_DOCUMENTATION_COMMENTS = YES;
				CLANG_WARN_EMPTY_BODY = YES;
				CLANG_WARN_ENUM_CONVERSION = YES;
				CLANG_WARN_INFINITE_RECURSION = YES;
				CLANG_WARN_INT_CONVERSION = YES;
				CLANG_WARN_NON_LITERAL_NULL_CONVERSION = YES;
				CLANG_WARN_OBJC_LITERAL_CONVERSION = YES;
				CLANG_WARN_OBJC_ROOT_CLASS = YES_ERROR;
				CLANG_WARN_RANGE_LOOP_ANALYSIS = YES;
				CLANG_WARN_STRICT_PROTOTYPES = YES;
				CLANG_WARN_SUSPICIOUS_MOVE = YES;
				CLANG_WARN_UNGUARDED_AVAILABILITY = YES_AGGRESSIVE;
				CLANG_WARN_UNREACHABLE_CODE = YES;
				CLANG_WARN__DUPLICATE_METHOD_MATCH = YES;
				CODE_SIGN_IDENTITY = "iPhone Developer";
				COPY_PHASE_STRIP = NO;
				DEBUG_INFORMATION_FORMAT = dwarf;
				ENABLE_STRICT_OBJC_MSGSEND = YES;
				ENABLE_TESTABILITY = YES;
				GCC_C_LANGUAGE_STANDARD = gnu11;
				GCC_DYNAMIC_NO_PIC = NO;
				GCC_NO_COMMON_BLOCKS = YES;
				GCC_OPTIMIZATION_LEVEL = 0;
				GCC_PREPROCESSOR_DEFINITIONS = (
					"DEBUG=1",
					"$(inherited)",
				);
				GCC_WARN_64_TO_32_BIT_CONVERSION = YES;
				GCC_WARN_ABOUT_RETURN_TYPE = YES_ERROR;
				GCC_WARN_UNDECLARED_SELECTOR = YES;
				GCC_WARN_UNINITIALIZED_AUTOS = YES_AGGRESSIVE;
				GCC_WARN_UNUSED_FUNCTION = YES;
				GCC_WARN_UNUSED_VARIABLE = YES;
				IPHONEOS_DEPLOYMENT_TARGET = 11.2;
				MTL_ENABLE_DEBUG_INFO = YES;
				ONLY_ACTIVE_ARCH = YES;
				SDKROOT = iphoneos;
				SWIFT_ACTIVE_COMPILATION_CONDITIONS = DEBUG;
				SWIFT_OPTIMIZATION_LEVEL = "-Onone";
			};
			name = Debug;
		};
		0C57C42C21FC8AF7007343C7 /* Release */ = {
			isa = XCBuildConfiguration;
			buildSettings = {
				ALWAYS_SEARCH_USER_PATHS = NO;
				CLANG_ANALYZER_NONNULL = YES;
				CLANG_ANALYZER_NUMBER_OBJECT_CONVERSION = YES_AGGRESSIVE;
				CLANG_CXX_LANGUAGE_STANDARD = "gnu++14";
				CLANG_CXX_LIBRARY = "libc++";
				CLANG_ENABLE_MODULES = YES;
				CLANG_ENABLE_OBJC_ARC = YES;
				CLANG_WARN_BLOCK_CAPTURE_AUTORELEASING = YES;
				CLANG_WARN_BOOL_CONVERSION = YES;
				CLANG_WARN_COMMA = YES;
				CLANG_WARN_CONSTANT_CONVERSION = YES;
				CLANG_WARN_DIRECT_OBJC_ISA_USAGE = YES_ERROR;
				CLANG_WARN_DOCUMENTATION_COMMENTS = YES;
				CLANG_WARN_EMPTY_BODY = YES;
				CLANG_WARN_ENUM_CONVERSION = YES;
				CLANG_WARN_INFINITE_RECURSION = YES;
				CLANG_WARN_INT_CONVERSION = YES;
				CLANG_WARN_NON_LITERAL_NULL_CONVERSION = YES;
				CLANG_WARN_OBJC_LITERAL_CONVERSION = YES;
				CLANG_WARN_OBJC_ROOT_CLASS = YES_ERROR;
				CLANG_WARN_RANGE_LOOP_ANALYSIS = YES;
				CLANG_WARN_STRICT_PROTOTYPES = YES;
				CLANG_WARN_SUSPICIOUS_MOVE = YES;
				CLANG_WARN_UNGUARDED_AVAILABILITY = YES_AGGRESSIVE;
				CLANG_WARN_UNREACHABLE_CODE = YES;
				CLANG_WARN__DUPLICATE_METHOD_MATCH = YES;
				CODE_SIGN_IDENTITY = "iPhone Developer";
				COPY_PHASE_STRIP = NO;
				DEBUG_INFORMATION_FORMAT = "dwarf-with-dsym";
				ENABLE_NS_ASSERTIONS = NO;
				ENABLE_STRICT_OBJC_MSGSEND = YES;
				GCC_C_LANGUAGE_STANDARD = gnu11;
				GCC_NO_COMMON_BLOCKS = YES;
				GCC_WARN_64_TO_32_BIT_CONVERSION = YES;
				GCC_WARN_ABOUT_RETURN_TYPE = YES_ERROR;
				GCC_WARN_UNDECLARED_SELECTOR = YES;
				GCC_WARN_UNINITIALIZED_AUTOS = YES_AGGRESSIVE;
				GCC_WARN_UNUSED_FUNCTION = YES;
				GCC_WARN_UNUSED_VARIABLE = YES;
				IPHONEOS_DEPLOYMENT_TARGET = 11.2;
				MTL_ENABLE_DEBUG_INFO = NO;
				SDKROOT = iphoneos;
				SWIFT_OPTIMIZATION_LEVEL = "-Owholemodule";
				VALIDATE_PRODUCT = YES;
			};
			name = Release;
		};
		0C57C42E21FC8AF7007343C7 /* Debug */ = {
			isa = XCBuildConfiguration;
			buildSettings = {
				ASSETCATALOG_COMPILER_APPICON_NAME = "";
				CODE_SIGN_STYLE = Automatic;
				INFOPLIST_FILE = Eazip/Info.plist;
				LD_RUNPATH_SEARCH_PATHS = "$(inherited) @executable_path/Frameworks";
				PRODUCT_BUNDLE_IDENTIFIER = eazip.com.Eazip;
				PRODUCT_NAME = "$(TARGET_NAME)";
				SWIFT_VERSION = 4.0;
				TARGETED_DEVICE_FAMILY = "1,2";
			};
			name = Debug;
		};
		0C57C42F21FC8AF7007343C7 /* Release */ = {
			isa = XCBuildConfiguration;
			buildSettings = {
				ASSETCATALOG_COMPILER_APPICON_NAME = "";
				CODE_SIGN_STYLE = Automatic;
				INFOPLIST_FILE = Eazip/Info.plist;
				LD_RUNPATH_SEARCH_PATHS = "$(inherited) @executable_path/Frameworks";
				PRODUCT_BUNDLE_IDENTIFIER = eazip.com.Eazip;
				PRODUCT_NAME = "$(TARGET_NAME)";
				SWIFT_VERSION = 4.0;
				TARGETED_DEVICE_FAMILY = "1,2";
			};
			name = Release;
		};
		0C57C43121FC8AF7007343C7 /* Debug */ = {
			isa = XCBuildConfiguration;
			buildSettings = {
				ALWAYS_EMBED_SWIFT_STANDARD_LIBRARIES = YES;
				BUNDLE_LOADER = "$(TEST_HOST)";
				CODE_SIGN_STYLE = Automatic;
				INFOPLIST_FILE = EazipTests/Info.plist;
				LD_RUNPATH_SEARCH_PATHS = "$(inherited) @executable_path/Frameworks @loader_path/Frameworks";
				PRODUCT_BUNDLE_IDENTIFIER = eazip.com.EazipTests;
				PRODUCT_NAME = "$(TARGET_NAME)";
				SWIFT_VERSION = 4.0;
				TARGETED_DEVICE_FAMILY = "1,2";
				TEST_HOST = "$(BUILT_PRODUCTS_DIR)/Eazip.app/Eazip";
			};
			name = Debug;
		};
		0C57C43221FC8AF7007343C7 /* Release */ = {
			isa = XCBuildConfiguration;
			buildSettings = {
				ALWAYS_EMBED_SWIFT_STANDARD_LIBRARIES = YES;
				BUNDLE_LOADER = "$(TEST_HOST)";
				CODE_SIGN_STYLE = Automatic;
				INFOPLIST_FILE = EazipTests/Info.plist;
				LD_RUNPATH_SEARCH_PATHS = "$(inherited) @executable_path/Frameworks @loader_path/Frameworks";
				PRODUCT_BUNDLE_IDENTIFIER = eazip.com.EazipTests;
				PRODUCT_NAME = "$(TARGET_NAME)";
				SWIFT_VERSION = 4.0;
				TARGETED_DEVICE_FAMILY = "1,2";
				TEST_HOST = "$(BUILT_PRODUCTS_DIR)/Eazip.app/Eazip";
			};
			name = Release;
		};
/* End XCBuildConfiguration section */

/* Begin XCConfigurationList section */
		0C57C40B21FC8AF7007343C7 /* Build configuration list for PBXProject "Eazip" */ = {
			isa = XCConfigurationList;
			buildConfigurations = (
				0C57C42B21FC8AF7007343C7 /* Debug */,
				0C57C42C21FC8AF7007343C7 /* Release */,
			);
			defaultConfigurationIsVisible = 0;
			defaultConfigurationName = Release;
		};
		0C57C42D21FC8AF7007343C7 /* Build configuration list for PBXNativeTarget "Eazip" */ = {
			isa = XCConfigurationList;
			buildConfigurations = (
				0C57C42E21FC8AF7007343C7 /* Debug */,
				0C57C42F21FC8AF7007343C7 /* Release */,
			);
			defaultConfigurationIsVisible = 0;
			defaultConfigurationName = Release;
		};
		0C57C43021FC8AF7007343C7 /* Build configuration list for PBXNativeTarget "EazipTests" */ = {
			isa = XCConfigurationList;
			buildConfigurations = (
				0C57C43121FC8AF7007343C7 /* Debug */,
				0C57C43221FC8AF7007343C7 /* Release */,
			);
			defaultConfigurationIsVisible = 0;
			defaultConfigurationName = Release;
		};
/* End XCConfigurationList section */
	};
	rootObject = 0C57C40821FC8AF7007343C7 /* Project object */;
}
